
Microsoft Visual Studio Solution File, Format Version 12.00
# Visual Studio Version 16
VisualStudioVersion = 16.0.33423.256
MinimumVisualStudioVersion = 10.0.40219.1
Project("{FAE04EC0-301F-11D3-BF4B-00C04F79EFBC}") = "IGBT_SET", "IGBT_SET\IGBT_SET.csproj", "{C47DDA6C-F03B-4BC7-BB4E-64DC957809C2}"
	ProjectSection(ProjectDependencies) = postProject
		{B774B234-6BB0-4687-95C9-4609DA082463} = {B774B234-6BB0-4687-95C9-4609DA082463}
		{747145AD-98ED-487F-83D2-B5998C3AEA24} = {747145AD-98ED-487F-83D2-B5998C3AEA24}
	EndProjectSection
EndProject
Project("{FAE04EC0-301F-11D3-BF4B-00C04F79EFBC}") = "WinformCtrLib", "WinformCtrLib\WinformCtrLib.csproj", "{747145AD-98ED-487F-83D2-B5998C3AEA24}"
EndProject
Project("{FAE04EC0-301F-11D3-BF4B-00C04F79EFBC}") = "Wolei_485Trans", "Wolei_485Trans\Wolei_485Trans.csproj", "{B774B234-6BB0-4687-95C9-4609DA082463}"
EndProject
Global
	GlobalSection(SolutionConfigurationPlatforms) = preSolution
		Debug|Any CPU = Debug|Any CPU
		Release|Any CPU = Release|Any CPU
	EndGlobalSection
	GlobalSection(ProjectConfigurationPlatforms) = postSolution
		{C47DDA6C-F03B-4BC7-BB4E-64DC957809C2}.Debug|Any CPU.ActiveCfg = Debug|Any CPU
		{C47DDA6C-F03B-4BC7-BB4E-64DC957809C2}.Debug|Any CPU.Build.0 = Debug|Any CPU
		{C47DDA6C-F03B-4BC7-BB4E-64DC957809C2}.Release|Any CPU.ActiveCfg = Release|Any CPU
		{C47DDA6C-F03B-4BC7-BB4E-64DC957809C2}.Release|Any CPU.Build.0 = Release|Any CPU
		{747145AD-98ED-487F-83D2-B5998C3AEA24}.Debug|Any CPU.ActiveCfg = Debug|Any CPU
		{747145AD-98ED-487F-83D2-B5998C3AEA24}.Debug|Any CPU.Build.0 = Debug|Any CPU
		{747145AD-98ED-487F-83D2-B5998C3AEA24}.Release|Any CPU.ActiveCfg = Release|Any CPU
		{747145AD-98ED-487F-83D2-B5998C3AEA24}.Release|Any CPU.Build.0 = Release|Any CPU
		{B774B234-6BB0-4687-95C9-4609DA082463}.Debug|Any CPU.ActiveCfg = Debug|Any CPU
		{B774B234-6BB0-4687-95C9-4609DA082463}.Debug|Any CPU.Build.0 = Debug|Any CPU
		{B774B234-6BB0-4687-95C9-4609DA082463}.Release|Any CPU.ActiveCfg = Release|Any CPU
		{B774B234-6BB0-4687-95C9-4609DA082463}.Release|Any CPU.Build.0 = Release|Any CPU
	EndGlobalSection
	GlobalSection(SolutionProperties) = preSolution
		HideSolutionNode = FALSE
	EndGlobalSection
	GlobalSection(ExtensibilityGlobals) = postSolution
		SolutionGuid = {F193F2BD-E96A-40A3-BF86-AF65929DB839}
	EndGlobalSection
EndGlobal
